
Microsoft Visual Studio Solution File, Format Version 12.00
# Visual Studio Version 17
VisualStudioVersion = 17.0.32014.148
MinimumVisualStudioVersion = 10.0.40219.1
Project("{FAE04EC0-301F-11D3-BF4B-00C04F79EFBC}") = "WebAPI", "WebAPI\WebAPI.csproj", "{923A072C-B8BD-4147-974D-4433C3F837E6}"
EndProject
Global
	GlobalSection(SolutionConfigurationPlatforms) = preSolution
		Debug|Any CPU = Debug|Any CPU
		Release|Any CPU = Release|Any CPU
	EndGlobalSection
	GlobalSection(ProjectConfigurationPlatforms) = postSolution
		{923A072C-B8BD-4147-974D-4433C3F837E6}.Debug|Any CPU.ActiveCfg = Debug|Any CPU
		{923A072C-B8BD-4147-974D-4433C3F837E6}.Debug|Any CPU.Build.0 = Debug|Any CPU
		{923A072C-B8BD-4147-974D-4433C3F837E6}.Release|Any CPU.ActiveCfg = Release|Any CPU
		{923A072C-B8BD-4147-974D-4433C3F837E6}.Release|Any CPU.Build.0 = Release|Any CPU
	EndGlobalSection
	GlobalSection(SolutionProperties) = preSolution
		HideSolutionNode = FALSE
	EndGlobalSection
	GlobalSection(ExtensibilityGlobals) = postSolution
		SolutionGuid = {7158A7E9-5EED-4C40-B160-C267D36EABDC}
	EndGlobalSection
EndGlobal
